
Microsoft Visual Studio Solution File, Format Version 12.00
# Visual Studio 14
VisualStudioVersion = 14.0.25420.1
MinimumVisualStudioVersion = 10.0.40219.1
Project("{FAE04EC0-301F-11D3-BF4B-00C04F79EFBC}") = "final3", "final3\final3.csproj", "{CFB545F8-8654-4BD7-B04D-8E2CE878E490}"
EndProject
Global
	GlobalSection(SolutionConfigurationPlatforms) = preSolution
		Debug|Any CPU = Debug|Any CPU
		Release|Any CPU = Release|Any CPU
	EndGlobalSection
	GlobalSection(ProjectConfigurationPlatforms) = postSolution
		{CFB545F8-8654-4BD7-B04D-8E2CE878E490}.Debug|Any CPU.ActiveCfg = Debug|Any CPU
		{CFB545F8-8654-4BD7-B04D-8E2CE878E490}.Debug|Any CPU.Build.0 = Debug|Any CPU
		{CFB545F8-8654-4BD7-B04D-8E2CE878E490}.Release|Any CPU.ActiveCfg = Release|Any CPU
		{CFB545F8-8654-4BD7-B04D-8E2CE878E490}.Release|Any CPU.Build.0 = Release|Any CPU
	EndGlobalSection
	GlobalSection(SolutionProperties) = preSolution
		HideSolutionNode = FALSE
	EndGlobalSection
EndGlobal
